
Microsoft Visual Studio Solution File, Format Version 12.00
# Visual Studio Version 16
VisualStudioVersion = 16.0.29920.165
MinimumVisualStudioVersion = 10.0.40219.1
Project("{FAE04EC0-301F-11D3-BF4B-00C04F79EFBC}") = "teste", "teste\teste.csproj", "{63ED90E7-A1E0-4B1C-88A0-D4AC86D82057}"
EndProject
Global
	GlobalSection(SolutionConfigurationPlatforms) = preSolution
		Debug|Any CPU = Debug|Any CPU
		Release|Any CPU = Release|Any CPU
	EndGlobalSection
	GlobalSection(ProjectConfigurationPlatforms) = postSolution
		{63ED90E7-A1E0-4B1C-88A0-D4AC86D82057}.Debug|Any CPU.ActiveCfg = Debug|Any CPU
		{63ED90E7-A1E0-4B1C-88A0-D4AC86D82057}.Debug|Any CPU.Build.0 = Debug|Any CPU
		{63ED90E7-A1E0-4B1C-88A0-D4AC86D82057}.Release|Any CPU.ActiveCfg = Release|Any CPU
		{63ED90E7-A1E0-4B1C-88A0-D4AC86D82057}.Release|Any CPU.Build.0 = Release|Any CPU
	EndGlobalSection
	GlobalSection(SolutionProperties) = preSolution
		HideSolutionNode = FALSE
	EndGlobalSection
	GlobalSection(ExtensibilityGlobals) = postSolution
		SolutionGuid = {C31D59AA-9430-44B6-9FD0-2BDE7715DEBF}
	EndGlobalSection
EndGlobal
